
Microsoft Visual Studio Solution File, Format Version 12.00
# Visual Studio Version 16
VisualStudioVersion = 25.0.1700.0
MinimumVisualStudioVersion = 10.0.40219.1
Project("{FAE04EC0-301F-11D3-BF4B-00C04F79EFBC}") = "Dispersal", "Dispersal.csproj", "{ACC3452A-5038-49AF-A174-A1557CBFEDF6}"
EndProject
Global
	GlobalSection(SolutionConfigurationPlatforms) = preSolution
		Debug|Any CPU = Debug|Any CPU
		Release|Any CPU = Release|Any CPU
	EndGlobalSection
	GlobalSection(ProjectConfigurationPlatforms) = postSolution
		{ACC3452A-5038-49AF-A174-A1557CBFEDF6}.Debug|Any CPU.ActiveCfg = Debug|Any CPU
		{ACC3452A-5038-49AF-A174-A1557CBFEDF6}.Debug|Any CPU.Build.0 = Debug|Any CPU
		{ACC3452A-5038-49AF-A174-A1557CBFEDF6}.Release|Any CPU.ActiveCfg = Release|Any CPU
		{ACC3452A-5038-49AF-A174-A1557CBFEDF6}.Release|Any CPU.Build.0 = Release|Any CPU
	EndGlobalSection
	GlobalSection(SolutionProperties) = preSolution
		HideSolutionNode = FALSE
	EndGlobalSection
	GlobalSection(ExtensibilityGlobals) = postSolution
		SolutionGuid = {4F62E7FB-1940-416A-88A5-89DEE3C1310F}
	EndGlobalSection
EndGlobal
